
Microsoft Visual Studio Solution File, Format Version 12.00
# Visual Studio 15
VisualStudioVersion = 15.0.28307.489
MinimumVisualStudioVersion = 10.0.40219.1
Project("{FAE04EC0-301F-11D3-BF4B-00C04F79EFBC}") = "GradientViewSample.Android", "GradientViewSample\GradientViewSample.Android\GradientViewSample.Android.csproj", "{3B45B393-F386-4EF1-B124-356790A84D2D}"
EndProject
Project("{FAE04EC0-301F-11D3-BF4B-00C04F79EFBC}") = "GradientViewSample.iOS", "GradientViewSample\GradientViewSample.iOS\GradientViewSample.iOS.csproj", "{CC64F4E5-540F-46DD-8B28-076B132A75CF}"
EndProject
Project("{FAE04EC0-301F-11D3-BF4B-00C04F79EFBC}") = "GradientViewSample", "GradientViewSample\GradientViewSample\GradientViewSample.csproj", "{C0B74D2E-A4BC-46AC-9970-47FD74336AFE}"
EndProject
Global
	GlobalSection(SolutionConfigurationPlatforms) = preSolution
		Ad-Hoc|Any CPU = Ad-Hoc|Any CPU
		Ad-Hoc|iPhone = Ad-Hoc|iPhone
		Ad-Hoc|iPhoneSimulator = Ad-Hoc|iPhoneSimulator
		AppStore|Any CPU = AppStore|Any CPU
		AppStore|iPhone = AppStore|iPhone
		AppStore|iPhoneSimulator = AppStore|iPhoneSimulator
		Debug|Any CPU = Debug|Any CPU
		Debug|iPhone = Debug|iPhone
		Debug|iPhoneSimulator = Debug|iPhoneSimulator
		Release|Any CPU = Release|Any CPU
		Release|iPhone = Release|iPhone
		Release|iPhoneSimulator = Release|iPhoneSimulator
	EndGlobalSection
	GlobalSection(ProjectConfigurationPlatforms) = postSolution
		{3B45B393-F386-4EF1-B124-356790A84D2D}.Ad-Hoc|Any CPU.ActiveCfg = Release|Any CPU
		{3B45B393-F386-4EF1-B124-356790A84D2D}.Ad-Hoc|Any CPU.Build.0 = Release|Any CPU
		{3B45B393-F386-4EF1-B124-356790A84D2D}.Ad-Hoc|Any CPU.Deploy.0 = Release|Any CPU
		{3B45B393-F386-4EF1-B124-356790A84D2D}.Ad-Hoc|iPhone.ActiveCfg = Release|Any CPU
		{3B45B393-F386-4EF1-B124-356790A84D2D}.Ad-Hoc|iPhone.Build.0 = Release|Any CPU
		{3B45B393-F386-4EF1-B124-356790A84D2D}.Ad-Hoc|iPhone.Deploy.0 = Release|Any CPU
		{3B45B393-F386-4EF1-B124-356790A84D2D}.Ad-Hoc|iPhoneSimulator.ActiveCfg = Release|Any CPU
		{3B45B393-F386-4EF1-B124-356790A84D2D}.Ad-Hoc|iPhoneSimulator.Build.0 = Release|Any CPU
		{3B45B393-F386-4EF1-B124-356790A84D2D}.Ad-Hoc|iPhoneSimulator.Deploy.0 = Release|Any CPU
		{3B45B393-F386-4EF1-B124-356790A84D2D}.AppStore|Any CPU.ActiveCfg = Release|Any CPU
		{3B45B393-F386-4EF1-B124-356790A84D2D}.AppStore|Any CPU.Build.0 = Release|Any CPU
		{3B45B393-F386-4EF1-B124-356790A84D2D}.AppStore|Any CPU.Deploy.0 = Release|Any CPU
		{3B45B393-F386-4EF1-B124-356790A84D2D}.AppStore|iPhone.ActiveCfg = Release|Any CPU
		{3B45B393-F386-4EF1-B124-356790A84D2D}.AppStore|iPhone.Build.0 = Release|Any CPU
		{3B45B393-F386-4EF1-B124-356790A84D2D}.AppStore|iPhone.Deploy.0 = Release|Any CPU
		{3B45B393-F386-4EF1-B124-356790A84D2D}.AppStore|iPhoneSimulator.ActiveCfg = Release|Any CPU
		{3B45B393-F386-4EF1-B124-356790A84D2D}.AppStore|iPhoneSimulator.Build.0 = Release|Any CPU
		{3B45B393-F386-4EF1-B124-356790A84D2D}.AppStore|iPhoneSimulator.Deploy.0 = Release|Any CPU
		{3B45B393-F386-4EF1-B124-356790A84D2D}.Debug|Any CPU.ActiveCfg = Debug|Any CPU
		{3B45B393-F386-4EF1-B124-356790A84D2D}.Debug|Any CPU.Build.0 = Debug|Any CPU
		{3B45B393-F386-4EF1-B124-356790A84D2D}.Debug|Any CPU.Deploy.0 = Debug|Any CPU
		{3B45B393-F386-4EF1-B124-356790A84D2D}.Debug|iPhone.ActiveCfg = Debug|Any CPU
		{3B45B393-F386-4EF1-B124-356790A84D2D}.Debug|iPhone.Build.0 = Debug|Any CPU
		{3B45B393-F386-4EF1-B124-356790A84D2D}.Debug|iPhone.Deploy.0 = Debug|Any CPU
		{3B45B393-F386-4EF1-B124-356790A84D2D}.Debug|iPhoneSimulator.ActiveCfg = Debug|Any CPU
		{3B45B393-F386-4EF1-B124-356790A84D2D}.Debug|iPhoneSimulator.Build.0 = Debug|Any CPU
		{3B45B393-F386-4EF1-B124-356790A84D2D}.Debug|iPhoneSimulator.Deploy.0 = Debug|Any CPU
		{3B45B393-F386-4EF1-B124-356790A84D2D}.Release|Any CPU.ActiveCfg = Release|Any CPU
		{3B45B393-F386-4EF1-B124-356790A84D2D}.Release|Any CPU.Build.0 = Release|Any CPU
		{3B45B393-F386-4EF1-B124-356790A84D2D}.Release|Any CPU.Deploy.0 = Release|Any CPU
		{3B45B393-F386-4EF1-B124-356790A84D2D}.Release|iPhone.ActiveCfg = Release|Any CPU
		{3B45B393-F386-4EF1-B124-356790A84D2D}.Release|iPhone.Build.0 = Release|Any CPU
		{3B45B393-F386-4EF1-B124-356790A84D2D}.Release|iPhone.Deploy.0 = Release|Any CPU
		{3B45B393-F386-4EF1-B124-356790A84D2D}.Release|iPhoneSimulator.ActiveCfg = Release|Any CPU
		{3B45B393-F386-4EF1-B124-356790A84D2D}.Release|iPhoneSimulator.Build.0 = Release|Any CPU
		{3B45B393-F386-4EF1-B124-356790A84D2D}.Release|iPhoneSimulator.Deploy.0 = Release|Any CPU
		{CC64F4E5-540F-46DD-8B28-076B132A75CF}.Ad-Hoc|Any CPU.ActiveCfg = Ad-Hoc|iPhone
		{CC64F4E5-540F-46DD-8B28-076B132A75CF}.Ad-Hoc|Any CPU.Build.0 = Ad-Hoc|iPhone
		{CC64F4E5-540F-46DD-8B28-076B132A75CF}.Ad-Hoc|Any CPU.Deploy.0 = Ad-Hoc|iPhone
		{CC64F4E5-540F-46DD-8B28-076B132A75CF}.Ad-Hoc|iPhone.ActiveCfg = Ad-Hoc|iPhone
		{CC64F4E5-540F-46DD-8B28-076B132A75CF}.Ad-Hoc|iPhone.Build.0 = Ad-Hoc|iPhone
		{CC64F4E5-540F-46DD-8B28-076B132A75CF}.Ad-Hoc|iPhone.Deploy.0 = Ad-Hoc|iPhone
		{CC64F4E5-540F-46DD-8B28-076B132A75CF}.Ad-Hoc|iPhoneSimulator.ActiveCfg = Ad-Hoc|iPhoneSimulator
		{CC64F4E5-540F-46DD-8B28-076B132A75CF}.Ad-Hoc|iPhoneSimulator.Build.0 = Ad-Hoc|iPhoneSimulator
		{CC64F4E5-540F-46DD-8B28-076B132A75CF}.Ad-Hoc|iPhoneSimulator.Deploy.0 = Ad-Hoc|iPhoneSimulator
		{CC64F4E5-540F-46DD-8B28-076B132A75CF}.AppStore|Any CPU.ActiveCfg = AppStore|iPhone
		{CC64F4E5-540F-46DD-8B28-076B132A75CF}.AppStore|Any CPU.Build.0 = AppStore|iPhone
		{CC64F4E5-540F-46DD-8B28-076B132A75CF}.AppStore|Any CPU.Deploy.0 = AppStore|iPhone
		{CC64F4E5-540F-46DD-8B28-076B132A75CF}.AppStore|iPhone.ActiveCfg = AppStore|iPhone
		{CC64F4E5-540F-46DD-8B28-076B132A75CF}.AppStore|iPhone.Build.0 = AppStore|iPhone
		{CC64F4E5-540F-46DD-8B28-076B132A75CF}.AppStore|iPhone.Deploy.0 = AppStore|iPhone
		{CC64F4E5-540F-46DD-8B28-076B132A75CF}.AppStore|iPhoneSimulator.ActiveCfg = AppStore|iPhoneSimulator
		{CC64F4E5-540F-46DD-8B28-076B132A75CF}.AppStore|iPhoneSimulator.Build.0 = AppStore|iPhoneSimulator
		{CC64F4E5-540F-46DD-8B28-076B132A75CF}.AppStore|iPhoneSimulator.Deploy.0 = AppStore|iPhoneSimulator
		{CC64F4E5-540F-46DD-8B28-076B132A75CF}.Debug|Any CPU.ActiveCfg = Debug|iPhoneSimulator
		{CC64F4E5-540F-46DD-8B28-076B132A75CF}.Debug|Any CPU.Build.0 = Debug|iPhoneSimulator
		{CC64F4E5-540F-46DD-8B28-076B132A75CF}.Debug|Any CPU.Deploy.0 = Debug|iPhoneSimulator
		{CC64F4E5-540F-46DD-8B28-076B132A75CF}.Debug|iPhone.ActiveCfg = Debug|iPhone
		{CC64F4E5-540F-46DD-8B28-076B132A75CF}.Debug|iPhone.Build.0 = Debug|iPhone
		{CC64F4E5-540F-46DD-8B28-076B132A75CF}.Debug|iPhone.Deploy.0 = Debug|iPhone
		{CC64F4E5-540F-46DD-8B28-076B132A75CF}.Debug|iPhoneSimulator.ActiveCfg = Debug|iPhoneSimulator
		{CC64F4E5-540F-46DD-8B28-076B132A75CF}.Debug|iPhoneSimulator.Build.0 = Debug|iPhoneSimulator
		{CC64F4E5-540F-46DD-8B28-076B132A75CF}.Debug|iPhoneSimulator.Deploy.0 = Debug|iPhoneSimulator
		{CC64F4E5-540F-46DD-8B28-076B132A75CF}.Release|Any CPU.ActiveCfg = Release|iPhone
		{CC64F4E5-540F-46DD-8B28-076B132A75CF}.Release|Any CPU.Build.0 = Release|iPhone
		{CC64F4E5-540F-46DD-8B28-076B132A75CF}.Release|Any CPU.Deploy.0 = Release|iPhone
		{CC64F4E5-540F-46DD-8B28-076B132A75CF}.Release|iPhone.ActiveCfg = Release|iPhone
		{CC64F4E5-540F-46DD-8B28-076B132A75CF}.Release|iPhone.Build.0 = Release|iPhone
		{CC64F4E5-540F-46DD-8B28-076B132A75CF}.Release|iPhone.Deploy.0 = Release|iPhone
		{CC64F4E5-540F-46DD-8B28-076B132A75CF}.Release|iPhoneSimulator.ActiveCfg = Release|iPhoneSimulator
		{CC64F4E5-540F-46DD-8B28-076B132A75CF}.Release|iPhoneSimulator.Build.0 = Release|iPhoneSimulator
		{CC64F4E5-540F-46DD-8B28-076B132A75CF}.Release|iPhoneSimulator.Deploy.0 = Release|iPhoneSimulator
		{C0B74D2E-A4BC-46AC-9970-47FD74336AFE}.Ad-Hoc|Any CPU.ActiveCfg = Debug|Any CPU
		{C0B74D2E-A4BC-46AC-9970-47FD74336AFE}.Ad-Hoc|Any CPU.Build.0 = Debug|Any CPU
		{C0B74D2E-A4BC-46AC-9970-47FD74336AFE}.Ad-Hoc|Any CPU.Deploy.0 = Debug|Any CPU
		{C0B74D2E-A4BC-46AC-9970-47FD74336AFE}.Ad-Hoc|iPhone.ActiveCfg = Debug|Any CPU
		{C0B74D2E-A4BC-46AC-9970-47FD74336AFE}.Ad-Hoc|iPhone.Build.0 = Debug|Any CPU
		{C0B74D2E-A4BC-46AC-9970-47FD74336AFE}.Ad-Hoc|iPhone.Deploy.0 = Debug|Any CPU
		{C0B74D2E-A4BC-46AC-9970-47FD74336AFE}.Ad-Hoc|iPhoneSimulator.ActiveCfg = Debug|Any CPU
		{C0B74D2E-A4BC-46AC-9970-47FD74336AFE}.Ad-Hoc|iPhoneSimulator.Build.0 = Debug|Any CPU
		{C0B74D2E-A4BC-46AC-9970-47FD74336AFE}.Ad-Hoc|iPhoneSimulator.Deploy.0 = Debug|Any CPU
		{C0B74D2E-A4BC-46AC-9970-47FD74336AFE}.AppStore|Any CPU.ActiveCfg = Debug|Any CPU
		{C0B74D2E-A4BC-46AC-9970-47FD74336AFE}.AppStore|Any CPU.Build.0 = Debug|Any CPU
		{C0B74D2E-A4BC-46AC-9970-47FD74336AFE}.AppStore|Any CPU.Deploy.0 = Debug|Any CPU
		{C0B74D2E-A4BC-46AC-9970-47FD74336AFE}.AppStore|iPhone.ActiveCfg = Debug|Any CPU
		{C0B74D2E-A4BC-46AC-9970-47FD74336AFE}.AppStore|iPhone.Build.0 = Debug|Any CPU
		{C0B74D2E-A4BC-46AC-9970-47FD74336AFE}.AppStore|iPhone.Deploy.0 = Debug|Any CPU
		{C0B74D2E-A4BC-46AC-9970-47FD74336AFE}.AppStore|iPhoneSimulator.ActiveCfg = Debug|Any CPU
		{C0B74D2E-A4BC-46AC-9970-47FD74336AFE}.AppStore|iPhoneSimulator.Build.0 = Debug|Any CPU
		{C0B74D2E-A4BC-46AC-9970-47FD74336AFE}.AppStore|iPhoneSimulator.Deploy.0 = Debug|Any CPU
		{C0B74D2E-A4BC-46AC-9970-47FD74336AFE}.Debug|Any CPU.ActiveCfg = Debug|Any CPU
		{C0B74D2E-A4BC-46AC-9970-47FD74336AFE}.Debug|Any CPU.Build.0 = Debug|Any CPU
		{C0B74D2E-A4BC-46AC-9970-47FD74336AFE}.Debug|Any CPU.Deploy.0 = Debug|Any CPU
		{C0B74D2E-A4BC-46AC-9970-47FD74336AFE}.Debug|iPhone.ActiveCfg = Debug|Any CPU
		{C0B74D2E-A4BC-46AC-9970-47FD74336AFE}.Debug|iPhone.Build.0 = Debug|Any CPU
		{C0B74D2E-A4BC-46AC-9970-47FD74336AFE}.Debug|iPhone.Deploy.0 = Debug|Any CPU
		{C0B74D2E-A4BC-46AC-9970-47FD74336AFE}.Debug|iPhoneSimulator.ActiveCfg = Debug|Any CPU
		{C0B74D2E-A4BC-46AC-9970-47FD74336AFE}.Debug|iPhoneSimulator.Build.0 = Debug|Any CPU
		{C0B74D2E-A4BC-46AC-9970-47FD74336AFE}.Debug|iPhoneSimulator.Deploy.0 = Debug|Any CPU
		{C0B74D2E-A4BC-46AC-9970-47FD74336AFE}.Release|Any CPU.ActiveCfg = Release|Any CPU
		{C0B74D2E-A4BC-46AC-9970-47FD74336AFE}.Release|Any CPU.Build.0 = Release|Any CPU
		{C0B74D2E-A4BC-46AC-9970-47FD74336AFE}.Release|Any CPU.Deploy.0 = Release|Any CPU
		{C0B74D2E-A4BC-46AC-9970-47FD74336AFE}.Release|iPhone.ActiveCfg = Release|Any CPU
		{C0B74D2E-A4BC-46AC-9970-47FD74336AFE}.Release|iPhone.Build.0 = Release|Any CPU
		{C0B74D2E-A4BC-46AC-9970-47FD74336AFE}.Release|iPhone.Deploy.0 = Release|Any CPU
		{C0B74D2E-A4BC-46AC-9970-47FD74336AFE}.Release|iPhoneSimulator.ActiveCfg = Release|Any CPU
		{C0B74D2E-A4BC-46AC-9970-47FD74336AFE}.Release|iPhoneSimulator.Build.0 = Release|Any CPU
		{C0B74D2E-A4BC-46AC-9970-47FD74336AFE}.Release|iPhoneSimulator.Deploy.0 = Release|Any CPU
	EndGlobalSection
	GlobalSection(SolutionProperties) = preSolution
		HideSolutionNode = FALSE
	EndGlobalSection
	GlobalSection(ExtensibilityGlobals) = postSolution
		SolutionGuid = {33075CE2-307F-459B-BF6C-897B3DFC8D36}
	EndGlobalSection
EndGlobal
